
Microsoft Visual Studio Solution File, Format Version 12.00
# Visual Studio Version 17
VisualStudioVersion = 17.11.35312.102
MinimumVisualStudioVersion = 10.0.40219.1
Project("{9A19103F-16F7-4668-BE54-9A1E7A4F7556}") = "NEXTION loader", "NEXTION loader.csproj", "{EF331AF0-D510-4551-986E-A0E0D6016C90}"
EndProject
Global
	GlobalSection(SolutionConfigurationPlatforms) = preSolution
		Debug|Any CPU = Debug|Any CPU
		Release|Any CPU = Release|Any CPU
	EndGlobalSection
	GlobalSection(ProjectConfigurationPlatforms) = postSolution
		{EF331AF0-D510-4551-986E-A0E0D6016C90}.Debug|Any CPU.ActiveCfg = Release|Any CPU
		{EF331AF0-D510-4551-986E-A0E0D6016C90}.Debug|Any CPU.Build.0 = Release|Any CPU
		{EF331AF0-D510-4551-986E-A0E0D6016C90}.Release|Any CPU.ActiveCfg = Release|Any CPU
		{EF331AF0-D510-4551-986E-A0E0D6016C90}.Release|Any CPU.Build.0 = Release|Any CPU
	EndGlobalSection
	GlobalSection(SolutionProperties) = preSolution
		HideSolutionNode = FALSE
	EndGlobalSection
	GlobalSection(ExtensibilityGlobals) = postSolution
		SolutionGuid = {92D973F2-174B-40B1-8D79-1BD4F0E8031B}
	EndGlobalSection
EndGlobal
